// !$*UTF8*$!
{
	archiveVersion = 1;
	classes = {
	};
	objectVersion = 46;
	objects = {

/* Begin PBXBuildFile section */
		ED296AD61AE081140093066C /* FacebookPost.swift in Sources */ = {isa = PBXBuildFile; fileRef = ED296AD51AE081140093066C /* FacebookPost.swift */; };
		ED5B427E1AD5D3B900C6C586 /* Alamofire.swift in Sources */ = {isa = PBXBuildFile; fileRef = ED5B427D1AD5D3B900C6C586 /* Alamofire.swift */; };
		ED5B42801AD5D71400C6C586 /* SwiftyJSON.swift in Sources */ = {isa = PBXBuildFile; fileRef = ED5B427F1AD5D71400C6C586 /* SwiftyJSON.swift */; };
		ED5B42821AD5D93B00C6C586 /* YouTubeVideo.swift in Sources */ = {isa = PBXBuildFile; fileRef = ED5B42811AD5D93B00C6C586 /* YouTubeVideo.swift */; };
		EDC1A7C41AB2382200687E25 /* NavigationSearchController.swift in Sources */ = {isa = PBXBuildFile; fileRef = EDC1A7C31AB2382200687E25 /* NavigationSearchController.swift */; };
		FA679F291AA00837004E6C90 /* AppDelegate.swift in Sources */ = {isa = PBXBuildFile; fileRef = FA679F281AA00837004E6C90 /* AppDelegate.swift */; };
		FA679F2B1AA00837004E6C90 /* ViewController.swift in Sources */ = {isa = PBXBuildFile; fileRef = FA679F2A1AA00837004E6C90 /* ViewController.swift */; };
		FA679F2E1AA00837004E6C90 /* Main.storyboard in Resources */ = {isa = PBXBuildFile; fileRef = FA679F2C1AA00837004E6C90 /* Main.storyboard */; };
		FA679F301AA00837004E6C90 /* Images.xcassets in Resources */ = {isa = PBXBuildFile; fileRef = FA679F2F1AA00837004E6C90 /* Images.xcassets */; };
		FA679F331AA00837004E6C90 /* LaunchScreen.xib in Resources */ = {isa = PBXBuildFile; fileRef = FA679F311AA00837004E6C90 /* LaunchScreen.xib */; };
		FA679F3F1AA00837004E6C90 /* KiinoTests.swift in Sources */ = {isa = PBXBuildFile; fileRef = FA679F3E1AA00837004E6C90 /* KiinoTests.swift */; };
		FAC8988C1AAE856700B0A8C2 /* FacebookSDK.framework in Frameworks */ = {isa = PBXBuildFile; fileRef = FAC8988B1AAE856700B0A8C2 /* FacebookSDK.framework */; };
		FAF471BC1AAE74FC0075F3E9 /* SearchViewController.swift in Sources */ = {isa = PBXBuildFile; fileRef = FAF471BB1AAE74FC0075F3E9 /* SearchViewController.swift */; };
		FAF471BE1AAE7A430075F3E9 /* LoginViewController.swift in Sources */ = {isa = PBXBuildFile; fileRef = FAF471BD1AAE7A430075F3E9 /* LoginViewController.swift */; };
		FAF471C91AAE7D270075F3E9 /* Bolts.framework in Frameworks */ = {isa = PBXBuildFile; fileRef = FAF471C61AAE7D270075F3E9 /* Bolts.framework */; };
		FAF471CA1AAE7D270075F3E9 /* Parse.framework in Frameworks */ = {isa = PBXBuildFile; fileRef = FAF471C71AAE7D270075F3E9 /* Parse.framework */; };
		FAF471CB1AAE7D270075F3E9 /* ParseFacebookUtils.framework in Frameworks */ = {isa = PBXBuildFile; fileRef = FAF471C81AAE7D270075F3E9 /* ParseFacebookUtils.framework */; };
		FAF471CD1AAE7D5A0075F3E9 /* QuartzCore.framework in Frameworks */ = {isa = PBXBuildFile; fileRef = FAF471CC1AAE7D5A0075F3E9 /* QuartzCore.framework */; };
		FAF471CF1AAE7D6A0075F3E9 /* Accounts.framework in Frameworks */ = {isa = PBXBuildFile; fileRef = FAF471CE1AAE7D6A0075F3E9 /* Accounts.framework */; };
		FAF471D11AAE7D710075F3E9 /* AudioToolbox.framework in Frameworks */ = {isa = PBXBuildFile; fileRef = FAF471D01AAE7D710075F3E9 /* AudioToolbox.framework */; };
		FAF471D31AAE7D7E0075F3E9 /* CFNetwork.framework in Frameworks */ = {isa = PBXBuildFile; fileRef = FAF471D21AAE7D7E0075F3E9 /* CFNetwork.framework */; };
		FAF471D51AAE7D870075F3E9 /* CoreGraphics.framework in Frameworks */ = {isa = PBXBuildFile; fileRef = FAF471D41AAE7D870075F3E9 /* CoreGraphics.framework */; };
		FAF471D71AAE7D900075F3E9 /* CoreLocation.framework in Frameworks */ = {isa = PBXBuildFile; fileRef = FAF471D61AAE7D900075F3E9 /* CoreLocation.framework */; };
		FAF471D91AAE7D990075F3E9 /* MobileCoreServices.framework in Frameworks */ = {isa = PBXBuildFile; fileRef = FAF471D81AAE7D990075F3E9 /* MobileCoreServices.framework */; };
		FAF471DB1AAE7DB00075F3E9 /* Security.framework in Frameworks */ = {isa = PBXBuildFile; fileRef = FAF471DA1AAE7DB00075F3E9 /* Security.framework */; };
		FAF471DD1AAE7DBE0075F3E9 /* Social.framework in Frameworks */ = {isa = PBXBuildFile; fileRef = FAF471DC1AAE7DBE0075F3E9 /* Social.framework */; };
		FAF471DF1AAE7DC90075F3E9 /* StoreKit.framework in Frameworks */ = {isa = PBXBuildFile; fileRef = FAF471DE1AAE7DC90075F3E9 /* StoreKit.framework */; };
		FAF471E11AAE7DD10075F3E9 /* SystemConfiguration.framework in Frameworks */ = {isa = PBXBuildFile; fileRef = FAF471E01AAE7DD10075F3E9 /* SystemConfiguration.framework */; };
		FAF471E31AAE7DDA0075F3E9 /* libz.dylib in Frameworks */ = {isa = PBXBuildFile; fileRef = FAF471E21AAE7DDA0075F3E9 /* libz.dylib */; };
		FAF471E51AAE7DE10075F3E9 /* libsqlite3.dylib in Frameworks */ = {isa = PBXBuildFile; fileRef = FAF471E41AAE7DE10075F3E9 /* libsqlite3.dylib */; };
/* End PBXBuildFile section */

/* Begin PBXContainerItemProxy section */
		FA679F391AA00837004E6C90 /* PBXContainerItemProxy */ = {
			isa = PBXContainerItemProxy;
			containerPortal = FA679F1B1AA00836004E6C90 /* Project object */;
			proxyType = 1;
			remoteGlobalIDString = FA679F221AA00837004E6C90;
			remoteInfo = Kiino;
		};
/* End PBXContainerItemProxy section */

/* Begin PBXFileReference section */
		ED296AD51AE081140093066C /* FacebookPost.swift */ = {isa = PBXFileReference; fileEncoding = 4; lastKnownFileType = sourcecode.swift; path = FacebookPost.swift; sourceTree = "<group>"; };
		ED5B427D1AD5D3B900C6C586 /* Alamofire.swift */ = {isa = PBXFileReference; fileEncoding = 4; lastKnownFileType = sourcecode.swift; path = Alamofire.swift; sourceTree = "<group>"; };
		ED5B427F1AD5D71400C6C586 /* SwiftyJSON.swift */ = {isa = PBXFileReference; fileEncoding = 4; lastKnownFileType = sourcecode.swift; path = SwiftyJSON.swift; sourceTree = "<group>"; };
		ED5B42811AD5D93B00C6C586 /* YouTubeVideo.swift */ = {isa = PBXFileReference; fileEncoding = 4; lastKnownFileType = sourcecode.swift; path = YouTubeVideo.swift; sourceTree = "<group>"; };
		EDC1A7C01AB22D7500687E25 /* Kiino-Bridging-Header.h */ = {isa = PBXFileReference; lastKnownFileType = sourcecode.c.h; path = "Kiino-Bridging-Header.h"; sourceTree = SOURCE_ROOT; };
		EDC1A7C31AB2382200687E25 /* NavigationSearchController.swift */ = {isa = PBXFileReference; fileEncoding = 4; lastKnownFileType = sourcecode.swift; path = NavigationSearchController.swift; sourceTree = "<group>"; };
		FA679F231AA00837004E6C90 /* Kiino.app */ = {isa = PBXFileReference; explicitFileType = wrapper.application; includeInIndex = 0; path = Kiino.app; sourceTree = BUILT_PRODUCTS_DIR; };
		FA679F271AA00837004E6C90 /* Info.plist */ = {isa = PBXFileReference; lastKnownFileType = text.plist.xml; path = Info.plist; sourceTree = "<group>"; };
		FA679F281AA00837004E6C90 /* AppDelegate.swift */ = {isa = PBXFileReference; lastKnownFileType = sourcecode.swift; path = AppDelegate.swift; sourceTree = "<group>"; };
		FA679F2A1AA00837004E6C90 /* ViewController.swift */ = {isa = PBXFileReference; lastKnownFileType = sourcecode.swift; path = ViewController.swift; sourceTree = "<group>"; };
		FA679F2D1AA00837004E6C90 /* Base */ = {isa = PBXFileReference; lastKnownFileType = file.storyboard; name = Base; path = Base.lproj/Main.storyboard; sourceTree = "<group>"; };
		FA679F2F1AA00837004E6C90 /* Images.xcassets */ = {isa = PBXFileReference; lastKnownFileType = folder.assetcatalog; path = Images.xcassets; sourceTree = "<group>"; };
		FA679F321AA00837004E6C90 /* Base */ = {isa = PBXFileReference; lastKnownFileType = file.xib; name = Base; path = Base.lproj/LaunchScreen.xib; sourceTree = "<group>"; };
		FA679F381AA00837004E6C90 /* KiinoTests.xctest */ = {isa = PBXFileReference; explicitFileType = wrapper.cfbundle; includeInIndex = 0; path = KiinoTests.xctest; sourceTree = BUILT_PRODUCTS_DIR; };
		FA679F3D1AA00837004E6C90 /* Info.plist */ = {isa = PBXFileReference; lastKnownFileType = text.plist.xml; path = Info.plist; sourceTree = "<group>"; };
		FA679F3E1AA00837004E6C90 /* KiinoTests.swift */ = {isa = PBXFileReference; lastKnownFileType = sourcecode.swift; path = KiinoTests.swift; sourceTree = "<group>"; };
		FAC8988B1AAE856700B0A8C2 /* FacebookSDK.framework */ = {isa = PBXFileReference; lastKnownFileType = wrapper.framework; path = FacebookSDK.framework; sourceTree = "<group>"; };
		FAF471BB1AAE74FC0075F3E9 /* SearchViewController.swift */ = {isa = PBXFileReference; fileEncoding = 4; lastKnownFileType = sourcecode.swift; name = SearchViewController.swift; path = ../SearchViewController.swift; sourceTree = "<group>"; };
		FAF471BD1AAE7A430075F3E9 /* LoginViewController.swift */ = {isa = PBXFileReference; fileEncoding = 4; lastKnownFileType = sourcecode.swift; path = LoginViewController.swift; sourceTree = "<group>"; };
		FAF471C61AAE7D270075F3E9 /* Bolts.framework */ = {isa = PBXFileReference; lastKnownFileType = wrapper.framework; path = Bolts.framework; sourceTree = "<group>"; };
		FAF471C71AAE7D270075F3E9 /* Parse.framework */ = {isa = PBXFileReference; lastKnownFileType = wrapper.framework; path = Parse.framework; sourceTree = "<group>"; };
		FAF471C81AAE7D270075F3E9 /* ParseFacebookUtils.framework */ = {isa = PBXFileReference; lastKnownFileType = wrapper.framework; path = ParseFacebookUtils.framework; sourceTree = "<group>"; };
		FAF471CC1AAE7D5A0075F3E9 /* QuartzCore.framework */ = {isa = PBXFileReference; lastKnownFileType = wrapper.framework; name = QuartzCore.framework; path = System/Library/Frameworks/QuartzCore.framework; sourceTree = SDKROOT; };
		FAF471CE1AAE7D6A0075F3E9 /* Accounts.framework */ = {isa = PBXFileReference; lastKnownFileType = wrapper.framework; name = Accounts.framework; path = System/Library/Frameworks/Accounts.framework; sourceTree = SDKROOT; };
		FAF471D01AAE7D710075F3E9 /* AudioToolbox.framework */ = {isa = PBXFileReference; lastKnownFileType = wrapper.framework; name = AudioToolbox.framework; path = System/Library/Frameworks/AudioToolbox.framework; sourceTree = SDKROOT; };
		FAF471D21AAE7D7E0075F3E9 /* CFNetwork.framework */ = {isa = PBXFileReference; lastKnownFileType = wrapper.framework; name = CFNetwork.framework; path = System/Library/Frameworks/CFNetwork.framework; sourceTree = SDKROOT; };
		FAF471D41AAE7D870075F3E9 /* CoreGraphics.framework */ = {isa = PBXFileReference; lastKnownFileType = wrapper.framework; name = CoreGraphics.framework; path = System/Library/Frameworks/CoreGraphics.framework; sourceTree = SDKROOT; };
		FAF471D61AAE7D900075F3E9 /* CoreLocation.framework */ = {isa = PBXFileReference; lastKnownFileType = wrapper.framework; name = CoreLocation.framework; path = System/Library/Frameworks/CoreLocation.framework; sourceTree = SDKROOT; };
		FAF471D81AAE7D990075F3E9 /* MobileCoreServices.framework */ = {isa = PBXFileReference; lastKnownFileType = wrapper.framework; name = MobileCoreServices.framework; path = System/Library/Frameworks/MobileCoreServices.framework; sourceTree = SDKROOT; };
		FAF471DA1AAE7DB00075F3E9 /* Security.framework */ = {isa = PBXFileReference; lastKnownFileType = wrapper.framework; name = Security.framework; path = System/Library/Frameworks/Security.framework; sourceTree = SDKROOT; };
		FAF471DC1AAE7DBE0075F3E9 /* Social.framework */ = {isa = PBXFileReference; lastKnownFileType = wrapper.framework; name = Social.framework; path = System/Library/Frameworks/Social.framework; sourceTree = SDKROOT; };
		FAF471DE1AAE7DC90075F3E9 /* StoreKit.framework */ = {isa = PBXFileReference; lastKnownFileType = wrapper.framework; name = StoreKit.framework; path = System/Library/Frameworks/StoreKit.framework; sourceTree = SDKROOT; };
		FAF471E01AAE7DD10075F3E9 /* SystemConfiguration.framework */ = {isa = PBXFileReference; lastKnownFileType = wrapper.framework; name = SystemConfiguration.framework; path = System/Library/Frameworks/SystemConfiguration.framework; sourceTree = SDKROOT; };
		FAF471E21AAE7DDA0075F3E9 /* libz.dylib */ = {isa = PBXFileReference; lastKnownFileType = "compiled.mach-o.dylib"; name = libz.dylib; path = usr/lib/libz.dylib; sourceTree = SDKROOT; };
		FAF471E41AAE7DE10075F3E9 /* libsqlite3.dylib */ = {isa = PBXFileReference; lastKnownFileType = "compiled.mach-o.dylib"; name = libsqlite3.dylib; path = usr/lib/libsqlite3.dylib; sourceTree = SDKROOT; };
/* End PBXFileReference section */

/* Begin PBXFrameworksBuildPhase section */
		FA679F201AA00837004E6C90 /* Frameworks */ = {
			isa = PBXFrameworksBuildPhase;
			buildActionMask = 2147483647;
			files = (
				FAF471E51AAE7DE10075F3E9 /* libsqlite3.dylib in Frameworks */,
				FAF471E31AAE7DDA0075F3E9 /* libz.dylib in Frameworks */,
				FAF471E11AAE7DD10075F3E9 /* SystemConfiguration.framework in Frameworks */,
				FAF471DF1AAE7DC90075F3E9 /* StoreKit.framework in Frameworks */,
				FAF471DD1AAE7DBE0075F3E9 /* Social.framework in Frameworks */,
				FAF471DB1AAE7DB00075F3E9 /* Security.framework in Frameworks */,
				FAF471CD1AAE7D5A0075F3E9 /* QuartzCore.framework in Frameworks */,
				FAF471D91AAE7D990075F3E9 /* MobileCoreServices.framework in Frameworks */,
				FAC8988C1AAE856700B0A8C2 /* FacebookSDK.framework in Frameworks */,
				FAF471D71AAE7D900075F3E9 /* CoreLocation.framework in Frameworks */,
				FAF471D51AAE7D870075F3E9 /* CoreGraphics.framework in Frameworks */,
				FAF471D31AAE7D7E0075F3E9 /* CFNetwork.framework in Frameworks */,
				FAF471D11AAE7D710075F3E9 /* AudioToolbox.framework in Frameworks */,
				FAF471CF1AAE7D6A0075F3E9 /* Accounts.framework in Frameworks */,
				FAF471CA1AAE7D270075F3E9 /* Parse.framework in Frameworks */,
				FAF471C91AAE7D270075F3E9 /* Bolts.framework in Frameworks */,
				FAF471CB1AAE7D270075F3E9 /* ParseFacebookUtils.framework in Frameworks */,
			);
			runOnlyForDeploymentPostprocessing = 0;
		};
		FA679F351AA00837004E6C90 /* Frameworks */ = {
			isa = PBXFrameworksBuildPhase;
			buildActionMask = 2147483647;
			files = (
			);
			runOnlyForDeploymentPostprocessing = 0;
		};
/* End PBXFrameworksBuildPhase section */

/* Begin PBXGroup section */
		ED5B42831AD5DC7700C6C586 /* DataClasses */ = {
			isa = PBXGroup;
			children = (
				ED5B42811AD5D93B00C6C586 /* YouTubeVideo.swift */,
				ED296AD51AE081140093066C /* FacebookPost.swift */,
			);
			name = DataClasses;
			sourceTree = "<group>";
		};
		FA679F1A1AA00836004E6C90 = {
			isa = PBXGroup;
			children = (
				FAF471C51AAE7D0B0075F3E9 /* Frameworks */,
				FA679F251AA00837004E6C90 /* Kiino */,
				FA679F3B1AA00837004E6C90 /* KiinoTests */,
				FA679F241AA00837004E6C90 /* Products */,
			);
			sourceTree = "<group>";
		};
		FA679F241AA00837004E6C90 /* Products */ = {
			isa = PBXGroup;
			children = (
				FA679F231AA00837004E6C90 /* Kiino.app */,
				FA679F381AA00837004E6C90 /* KiinoTests.xctest */,
			);
			name = Products;
			sourceTree = "<group>";
		};
		FA679F251AA00837004E6C90 /* Kiino */ = {
			isa = PBXGroup;
			children = (
				FA679F281AA00837004E6C90 /* AppDelegate.swift */,
				FA679F2A1AA00837004E6C90 /* ViewController.swift */,
				FAF471BB1AAE74FC0075F3E9 /* SearchViewController.swift */,
				FAF471BD1AAE7A430075F3E9 /* LoginViewController.swift */,
				EDC1A7C31AB2382200687E25 /* NavigationSearchController.swift */,
				FA679F2C1AA00837004E6C90 /* Main.storyboard */,
				FA679F2F1AA00837004E6C90 /* Images.xcassets */,
				FA679F311AA00837004E6C90 /* LaunchScreen.xib */,
				FA679F261AA00837004E6C90 /* Supporting Files */,
				EDC1A7C01AB22D7500687E25 /* Kiino-Bridging-Header.h */,
				ED5B42831AD5DC7700C6C586 /* DataClasses */,
			);
			path = Kiino;
			sourceTree = "<group>";
		};
		FA679F261AA00837004E6C90 /* Supporting Files */ = {
			isa = PBXGroup;
			children = (
				FA679F271AA00837004E6C90 /* Info.plist */,
			);
			name = "Supporting Files";
			sourceTree = "<group>";
		};
		FA679F3B1AA00837004E6C90 /* KiinoTests */ = {
			isa = PBXGroup;
			children = (
				FA679F3E1AA00837004E6C90 /* KiinoTests.swift */,
				FA679F3C1AA00837004E6C90 /* Supporting Files */,
			);
			path = KiinoTests;
			sourceTree = "<group>";
		};
		FA679F3C1AA00837004E6C90 /* Supporting Files */ = {
			isa = PBXGroup;
			children = (
				FA679F3D1AA00837004E6C90 /* Info.plist */,
			);
			name = "Supporting Files";
			sourceTree = "<group>";
		};
		FAF471C51AAE7D0B0075F3E9 /* Frameworks */ = {
			isa = PBXGroup;
			children = (
				ED5B427F1AD5D71400C6C586 /* SwiftyJSON.swift */,
				ED5B427D1AD5D3B900C6C586 /* Alamofire.swift */,
				FAF471E41AAE7DE10075F3E9 /* libsqlite3.dylib */,
				FAF471E21AAE7DDA0075F3E9 /* libz.dylib */,
				FAF471DC1AAE7DBE0075F3E9 /* Social.framework */,
				FAF471C81AAE7D270075F3E9 /* ParseFacebookUtils.framework */,
				FAC8988B1AAE856700B0A8C2 /* FacebookSDK.framework */,
				FAF471E01AAE7DD10075F3E9 /* SystemConfiguration.framework */,
				FAF471DE1AAE7DC90075F3E9 /* StoreKit.framework */,
				FAF471DA1AAE7DB00075F3E9 /* Security.framework */,
				FAF471D81AAE7D990075F3E9 /* MobileCoreServices.framework */,
				FAF471D61AAE7D900075F3E9 /* CoreLocation.framework */,
				FAF471D41AAE7D870075F3E9 /* CoreGraphics.framework */,
				FAF471D21AAE7D7E0075F3E9 /* CFNetwork.framework */,
				FAF471D01AAE7D710075F3E9 /* AudioToolbox.framework */,
				FAF471CE1AAE7D6A0075F3E9 /* Accounts.framework */,
				FAF471CC1AAE7D5A0075F3E9 /* QuartzCore.framework */,
				FAF471C61AAE7D270075F3E9 /* Bolts.framework */,
				FAF471C71AAE7D270075F3E9 /* Parse.framework */,
			);
			name = Frameworks;
			sourceTree = "<group>";
		};
/* End PBXGroup section */

/* Begin PBXNativeTarget section */
		FA679F221AA00837004E6C90 /* Kiino */ = {
			isa = PBXNativeTarget;
			buildConfigurationList = FA679F421AA00837004E6C90 /* Build configuration list for PBXNativeTarget "Kiino" */;
			buildPhases = (
				FA679F1F1AA00837004E6C90 /* Sources */,
				FA679F201AA00837004E6C90 /* Frameworks */,
				FA679F211AA00837004E6C90 /* Resources */,
			);
			buildRules = (
			);
			dependencies = (
			);
			name = Kiino;
			productName = Kiino;
			productReference = FA679F231AA00837004E6C90 /* Kiino.app */;
			productType = "com.apple.product-type.application";
		};
		FA679F371AA00837004E6C90 /* KiinoTests */ = {
			isa = PBXNativeTarget;
			buildConfigurationList = FA679F451AA00837004E6C90 /* Build configuration list for PBXNativeTarget "KiinoTests" */;
			buildPhases = (
				FA679F341AA00837004E6C90 /* Sources */,
				FA679F351AA00837004E6C90 /* Frameworks */,
				FA679F361AA00837004E6C90 /* Resources */,
			);
			buildRules = (
			);
			dependencies = (
				FA679F3A1AA00837004E6C90 /* PBXTargetDependency */,
			);
			name = KiinoTests;
			productName = KiinoTests;
			productReference = FA679F381AA00837004E6C90 /* KiinoTests.xctest */;
			productType = "com.apple.product-type.bundle.unit-test";
		};
/* End PBXNativeTarget section */

/* Begin PBXProject section */
		FA679F1B1AA00836004E6C90 /* Project object */ = {
			isa = PBXProject;
			attributes = {
				LastUpgradeCheck = 0610;
				ORGANIZATIONNAME = demo;
				TargetAttributes = {
					FA679F221AA00837004E6C90 = {
						CreatedOnToolsVersion = 6.1.1;
					};
					FA679F371AA00837004E6C90 = {
						CreatedOnToolsVersion = 6.1.1;
						TestTargetID = FA679F221AA00837004E6C90;
					};
				};
			};
			buildConfigurationList = FA679F1E1AA00836004E6C90 /* Build configuration list for PBXProject "Kiino" */;
			compatibilityVersion = "Xcode 3.2";
			developmentRegion = English;
			hasScannedForEncodings = 0;
			knownRegions = (
				en,
				Base,
			);
			mainGroup = FA679F1A1AA00836004E6C90;
			productRefGroup = FA679F241AA00837004E6C90 /* Products */;
			projectDirPath = "";
			projectRoot = "";
			targets = (
				FA679F221AA00837004E6C90 /* Kiino */,
				FA679F371AA00837004E6C90 /* KiinoTests */,
			);
		};
/* End PBXProject section */

/* Begin PBXResourcesBuildPhase section */
		FA679F211AA00837004E6C90 /* Resources */ = {
			isa = PBXResourcesBuildPhase;
			buildActionMask = 2147483647;
			files = (
				FA679F2E1AA00837004E6C90 /* Main.storyboard in Resources */,
				FA679F331AA00837004E6C90 /* LaunchScreen.xib in Resources */,
				FA679F301AA00837004E6C90 /* Images.xcassets in Resources */,
			);
			runOnlyForDeploymentPostprocessing = 0;
		};
		FA679F361AA00837004E6C90 /* Resources */ = {
			isa = PBXResourcesBuildPhase;
			buildActionMask = 2147483647;
			files = (
			);
			runOnlyForDeploymentPostprocessing = 0;
		};
/* End PBXResourcesBuildPhase section */

/* Begin PBXSourcesBuildPhase section */
		FA679F1F1AA00837004E6C90 /* Sources */ = {
			isa = PBXSourcesBuildPhase;
			buildActionMask = 2147483647;
			files = (
				ED5B427E1AD5D3B900C6C586 /* Alamofire.swift in Sources */,
				ED296AD61AE081140093066C /* FacebookPost.swift in Sources */,
				ED5B42821AD5D93B00C6C586 /* YouTubeVideo.swift in Sources */,
				FAF471BE1AAE7A430075F3E9 /* LoginViewController.swift in Sources */,
				FAF471BC1AAE74FC0075F3E9 /* SearchViewController.swift in Sources */,
				FA679F2B1AA00837004E6C90 /* ViewController.swift in Sources */,
				EDC1A7C41AB2382200687E25 /* NavigationSearchController.swift in Sources */,
				ED5B42801AD5D71400C6C586 /* SwiftyJSON.swift in Sources */,
				FA679F291AA00837004E6C90 /* AppDelegate.swift in Sources */,
			);
			runOnlyForDeploymentPostprocessing = 0;
		};
		FA679F341AA00837004E6C90 /* Sources */ = {
			isa = PBXSourcesBuildPhase;
			buildActionMask = 2147483647;
			files = (
				FA679F3F1AA00837004E6C90 /* KiinoTests.swift in Sources */,
			);
			runOnlyForDeploymentPostprocessing = 0;
		};
/* End PBXSourcesBuildPhase section */

/* Begin PBXTargetDependency section */
		FA679F3A1AA00837004E6C90 /* PBXTargetDependency */ = {
			isa = PBXTargetDependency;
			target = FA679F221AA00837004E6C90 /* Kiino */;
			targetProxy = FA679F391AA00837004E6C90 /* PBXContainerItemProxy */;
		};
/* End PBXTargetDependency section */

/* Begin PBXVariantGroup section */
		FA679F2C1AA00837004E6C90 /* Main.storyboard */ = {
			isa = PBXVariantGroup;
			children = (
				FA679F2D1AA00837004E6C90 /* Base */,
			);
			name = Main.storyboard;
			sourceTree = "<group>";
		};
		FA679F311AA00837004E6C90 /* LaunchScreen.xib */ = {
			isa = PBXVariantGroup;
			children = (
				FA679F321AA00837004E6C90 /* Base */,
			);
			name = LaunchScreen.xib;
			sourceTree = "<group>";
		};
/* End PBXVariantGroup section */

/* Begin XCBuildConfiguration section */
		FA679F401AA00837004E6C90 /* Debug */ = {
			isa = XCBuildConfiguration;
			buildSettings = {
				ALWAYS_SEARCH_USER_PATHS = NO;
				CLANG_CXX_LANGUAGE_STANDARD = "gnu++0x";
				CLANG_CXX_LIBRARY = "libc++";
				CLANG_ENABLE_MODULES = YES;
				CLANG_ENABLE_OBJC_ARC = YES;
				CLANG_WARN_BOOL_CONVERSION = YES;
				CLANG_WARN_CONSTANT_CONVERSION = YES;
				CLANG_WARN_DIRECT_OBJC_ISA_USAGE = YES_ERROR;
				CLANG_WARN_EMPTY_BODY = YES;
				CLANG_WARN_ENUM_CONVERSION = YES;
				CLANG_WARN_INT_CONVERSION = YES;
				CLANG_WARN_OBJC_ROOT_CLASS = YES_ERROR;
				CLANG_WARN_UNREACHABLE_CODE = YES;
				CLANG_WARN__DUPLICATE_METHOD_MATCH = YES;
				"CODE_SIGN_IDENTITY[sdk=iphoneos*]" = "iPhone Developer";
				COPY_PHASE_STRIP = NO;
				ENABLE_STRICT_OBJC_MSGSEND = YES;
				GCC_C_LANGUAGE_STANDARD = gnu99;
				GCC_DYNAMIC_NO_PIC = NO;
				GCC_OPTIMIZATION_LEVEL = 0;
				GCC_PREPROCESSOR_DEFINITIONS = (
					"DEBUG=1",
					"$(inherited)",
				);
				GCC_SYMBOLS_PRIVATE_EXTERN = NO;
				GCC_WARN_64_TO_32_BIT_CONVERSION = YES;
				GCC_WARN_ABOUT_RETURN_TYPE = YES_ERROR;
				GCC_WARN_UNDECLARED_SELECTOR = YES;
				GCC_WARN_UNINITIALIZED_AUTOS = YES_AGGRESSIVE;
				GCC_WARN_UNUSED_FUNCTION = YES;
				GCC_WARN_UNUSED_VARIABLE = YES;
				IPHONEOS_DEPLOYMENT_TARGET = 8.1;
				MTL_ENABLE_DEBUG_INFO = YES;
				ONLY_ACTIVE_ARCH = YES;
				SDKROOT = iphoneos;
				SWIFT_OPTIMIZATION_LEVEL = "-Onone";
			};
			name = Debug;
		};
		FA679F411AA00837004E6C90 /* Release */ = {
			isa = XCBuildConfiguration;
			buildSettings = {
				ALWAYS_SEARCH_USER_PATHS = NO;
				CLANG_CXX_LANGUAGE_STANDARD = "gnu++0x";
				CLANG_CXX_LIBRARY = "libc++";
				CLANG_ENABLE_MODULES = YES;
				CLANG_ENABLE_OBJC_ARC = YES;
				CLANG_WARN_BOOL_CONVERSION = YES;
				CLANG_WARN_CONSTANT_CONVERSION = YES;
				CLANG_WARN_DIRECT_OBJC_ISA_USAGE = YES_ERROR;
				CLANG_WARN_EMPTY_BODY = YES;
				CLANG_WARN_ENUM_CONVERSION = YES;
				CLANG_WARN_INT_CONVERSION = YES;
				CLANG_WARN_OBJC_ROOT_CLASS = YES_ERROR;
				CLANG_WARN_UNREACHABLE_CODE = YES;
				CLANG_WARN__DUPLICATE_METHOD_MATCH = YES;
				"CODE_SIGN_IDENTITY[sdk=iphoneos*]" = "iPhone Developer";
				COPY_PHASE_STRIP = YES;
				ENABLE_NS_ASSERTIONS = NO;
				ENABLE_STRICT_OBJC_MSGSEND = YES;
				GCC_C_LANGUAGE_STANDARD = gnu99;
				GCC_WARN_64_TO_32_BIT_CONVERSION = YES;
				GCC_WARN_ABOUT_RETURN_TYPE = YES_ERROR;
				GCC_WARN_UNDECLARED_SELECTOR = YES;
				GCC_WARN_UNINITIALIZED_AUTOS = YES_AGGRESSIVE;
				GCC_WARN_UNUSED_FUNCTION = YES;
				GCC_WARN_UNUSED_VARIABLE = YES;
				IPHONEOS_DEPLOYMENT_TARGET = 8.1;
				MTL_ENABLE_DEBUG_INFO = NO;
				SDKROOT = iphoneos;
				VALIDATE_PRODUCT = YES;
			};
			name = Release;
		};
		FA679F431AA00837004E6C90 /* Debug */ = {
			isa = XCBuildConfiguration;
			buildSettings = {
				ASSETCATALOG_COMPILER_APPICON_NAME = AppIcon;
				CLANG_ENABLE_MODULES = YES;
				FRAMEWORK_SEARCH_PATHS = (
					"$(inherited)",
					"$(PROJECT_DIR)",
				);
				INFOPLIST_FILE = Kiino/Info.plist;
				LD_RUNPATH_SEARCH_PATHS = "$(inherited) @executable_path/Frameworks";
				PRODUCT_NAME = "$(TARGET_NAME)";
				SWIFT_OBJC_BRIDGING_HEADER = "Kiino-Bridging-Header.h";
				SWIFT_OPTIMIZATION_LEVEL = "-Onone";
			};
			name = Debug;
		};
		FA679F441AA00837004E6C90 /* Release */ = {
			isa = XCBuildConfiguration;
			buildSettings = {
				ASSETCATALOG_COMPILER_APPICON_NAME = AppIcon;
				CLANG_ENABLE_MODULES = YES;
				FRAMEWORK_SEARCH_PATHS = (
					"$(inherited)",
					"$(PROJECT_DIR)",
				);
				INFOPLIST_FILE = Kiino/Info.plist;
				LD_RUNPATH_SEARCH_PATHS = "$(inherited) @executable_path/Frameworks";
				PRODUCT_NAME = "$(TARGET_NAME)";
				SWIFT_OBJC_BRIDGING_HEADER = "Kiino-Bridging-Header.h";
			};
			name = Release;
		};
		FA679F461AA00837004E6C90 /* Debug */ = {
			isa = XCBuildConfiguration;
			buildSettings = {
				BUNDLE_LOADER = "$(TEST_HOST)";
				FRAMEWORK_SEARCH_PATHS = (
					"$(SDKROOT)/Developer/Library/Frameworks",
					"$(inherited)",
				);
				GCC_PREPROCESSOR_DEFINITIONS = (
					"DEBUG=1",
					"$(inherited)",
				);
				INFOPLIST_FILE = KiinoTests/Info.plist;
				LD_RUNPATH_SEARCH_PATHS = "$(inherited) @executable_path/Frameworks @loader_path/Frameworks";
				PRODUCT_NAME = "$(TARGET_NAME)";
				TEST_HOST = "$(BUILT_PRODUCTS_DIR)/Kiino.app/Kiino";
			};
			name = Debug;
		};
		FA679F471AA00837004E6C90 /* Release */ = {
			isa = XCBuildConfiguration;
			buildSettings = {
				BUNDLE_LOADER = "$(TEST_HOST)";
				FRAMEWORK_SEARCH_PATHS = (
					"$(SDKROOT)/Developer/Library/Frameworks",
					"$(inherited)",
				);
				INFOPLIST_FILE = KiinoTests/Info.plist;
				LD_RUNPATH_SEARCH_PATHS = "$(inherited) @executable_path/Frameworks @loader_path/Frameworks";
				PRODUCT_NAME = "$(TARGET_NAME)";
				TEST_HOST = "$(BUILT_PRODUCTS_DIR)/Kiino.app/Kiino";
			};
			name = Release;
		};
/* End XCBuildConfiguration section */

/* Begin XCConfigurationList section */
		FA679F1E1AA00836004E6C90 /* Build configuration list for PBXProject "Kiino" */ = {
			isa = XCConfigurationList;
			buildConfigurations = (
				FA679F401AA00837004E6C90 /* Debug */,
				FA679F411AA00837004E6C90 /* Release */,
			);
			defaultConfigurationIsVisible = 0;
			defaultConfigurationName = Release;
		};
		FA679F421AA00837004E6C90 /* Build configuration list for PBXNativeTarget "Kiino" */ = {
			isa = XCConfigurationList;
			buildConfigurations = (
				FA679F431AA00837004E6C90 /* Debug */,
				FA679F441AA00837004E6C90 /* Release */,
			);
			defaultConfigurationIsVisible = 0;
			defaultConfigurationName = Release;
		};
		FA679F451AA00837004E6C90 /* Build configuration list for PBXNativeTarget "KiinoTests" */ = {
			isa = XCConfigurationList;
			buildConfigurations = (
				FA679F461AA00837004E6C90 /* Debug */,
				FA679F471AA00837004E6C90 /* Release */,
			);
			defaultConfigurationIsVisible = 0;
			defaultConfigurationName = Release;
		};
/* End XCConfigurationList section */
	};
	rootObject = FA679F1B1AA00836004E6C90 /* Project object */;
}
